
Microsoft Visual Studio Solution File, Format Version 12.00
# Visual Studio Version 16
VisualStudioVersion = 16.0.29728.190
MinimumVisualStudioVersion = 10.0.40219.1
Project("{9A19103F-16F7-4668-BE54-9A1E7A4F7556}") = "ProductService", "ProductService\ProductService.csproj", "{72CFF1D5-5FAC-4913-BE50-6ED8411D1A69}"
EndProject
Project("{9A19103F-16F7-4668-BE54-9A1E7A4F7556}") = "PaymentService", "PaymentService\PaymentService.csproj", "{04C88EBC-E2C2-4146-85B2-24A37314765D}"
EndProject
Project("{9A19103F-16F7-4668-BE54-9A1E7A4F7556}") = "OcelotAPIGateway", "OcelotAPIGateway\OcelotAPIGateway.csproj", "{013FB762-D45D-4450-B906-A1B01792C9E7}"
EndProject
Project("{2150E333-8FDC-42A3-9474-1A3956D46DE8}") = "Solution Items", "Solution Items", "{F2F10D47-48D4-4A18-998B-6E2832BC86EE}"
	ProjectSection(SolutionItems) = preProject
		docker-compose.yml = docker-compose.yml
	EndProjectSection
EndProject
Global
	GlobalSection(SolutionConfigurationPlatforms) = preSolution
		Debug|Any CPU = Debug|Any CPU
		Release|Any CPU = Release|Any CPU
	EndGlobalSection
	GlobalSection(ProjectConfigurationPlatforms) = postSolution
		{72CFF1D5-5FAC-4913-BE50-6ED8411D1A69}.Debug|Any CPU.ActiveCfg = Debug|Any CPU
		{72CFF1D5-5FAC-4913-BE50-6ED8411D1A69}.Debug|Any CPU.Build.0 = Debug|Any CPU
		{72CFF1D5-5FAC-4913-BE50-6ED8411D1A69}.Release|Any CPU.ActiveCfg = Release|Any CPU
		{72CFF1D5-5FAC-4913-BE50-6ED8411D1A69}.Release|Any CPU.Build.0 = Release|Any CPU
		{04C88EBC-E2C2-4146-85B2-24A37314765D}.Debug|Any CPU.ActiveCfg = Debug|Any CPU
		{04C88EBC-E2C2-4146-85B2-24A37314765D}.Debug|Any CPU.Build.0 = Debug|Any CPU
		{04C88EBC-E2C2-4146-85B2-24A37314765D}.Release|Any CPU.ActiveCfg = Release|Any CPU
		{04C88EBC-E2C2-4146-85B2-24A37314765D}.Release|Any CPU.Build.0 = Release|Any CPU
		{013FB762-D45D-4450-B906-A1B01792C9E7}.Debug|Any CPU.ActiveCfg = Debug|Any CPU
		{013FB762-D45D-4450-B906-A1B01792C9E7}.Debug|Any CPU.Build.0 = Debug|Any CPU
		{013FB762-D45D-4450-B906-A1B01792C9E7}.Release|Any CPU.ActiveCfg = Release|Any CPU
		{013FB762-D45D-4450-B906-A1B01792C9E7}.Release|Any CPU.Build.0 = Release|Any CPU
	EndGlobalSection
	GlobalSection(SolutionProperties) = preSolution
		HideSolutionNode = FALSE
	EndGlobalSection
	GlobalSection(ExtensibilityGlobals) = postSolution
		SolutionGuid = {E27B2438-B233-4284-A1F2-CD127539B042}
	EndGlobalSection
EndGlobal
